Microsoft Visual Studio Solution File, Format Version 12.00
# Visual Studio Version 17
VisualStudioVersion = 17.5.2.0
MinimumVisualStudioVersion = 10.0.40219.1
Project("{2150E333-8FDC-42A3-9474-1A3956D46DE8}") = "Program03Inheritance", "Program03Inheritance", "{54A9687C-64EC-E2D0-5E7A-67089DFD3174}"
EndProject
Project("{2150E333-8FDC-42A3-9474-1A3956D46DE8}") = "Program04Polymorphism", "Program04Polymorphism", "{57B7E307-4E9F-AEBF-E804-93ED41A1BD98}"
EndProject
Project("{FAE04EC0-301F-11D3-BF4B-00C04F79EFBC}") = "Foundation04Project", "Program03Inheritance\Foundation04Project.csproj", "{2371A59A-37A2-76C3-CA10-077998685CE2}"
EndProject
Project("{FAE04EC0-301F-11D3-BF4B-00C04F79EFBC}") = "Program04", "Program04Polymorphism\Program04.csproj", "{FB47D8DC-3475-B087-895D-21B4AAE3C9BD}"
EndProject
Global
	GlobalSection(SolutionConfigurationPlatforms) = preSolution
		Debug|Any CPU = Debug|Any CPU
		Release|Any CPU = Release|Any CPU
	EndGlobalSection
	GlobalSection(ProjectConfigurationPlatforms) = postSolution
		{2371A59A-37A2-76C3-CA10-077998685CE2}.Debug|Any CPU.ActiveCfg = Debug|Any CPU
		{2371A59A-37A2-76C3-CA10-077998685CE2}.Debug|Any CPU.Build.0 = Debug|Any CPU
		{2371A59A-37A2-76C3-CA10-077998685CE2}.Release|Any CPU.ActiveCfg = Release|Any CPU
		{2371A59A-37A2-76C3-CA10-077998685CE2}.Release|Any CPU.Build.0 = Release|Any CPU
		{FB47D8DC-3475-B087-895D-21B4AAE3C9BD}.Debug|Any CPU.ActiveCfg = Debug|Any CPU
		{FB47D8DC-3475-B087-895D-21B4AAE3C9BD}.Debug|Any CPU.Build.0 = Debug|Any CPU
		{FB47D8DC-3475-B087-895D-21B4AAE3C9BD}.Release|Any CPU.ActiveCfg = Release|Any CPU
		{FB47D8DC-3475-B087-895D-21B4AAE3C9BD}.Release|Any CPU.Build.0 = Release|Any CPU
	EndGlobalSection
	GlobalSection(SolutionProperties) = preSolution
		HideSolutionNode = FALSE
	EndGlobalSection
	GlobalSection(NestedProjects) = preSolution
		{2371A59A-37A2-76C3-CA10-077998685CE2} = {54A9687C-64EC-E2D0-5E7A-67089DFD3174}
		{FB47D8DC-3475-B087-895D-21B4AAE3C9BD} = {57B7E307-4E9F-AEBF-E804-93ED41A1BD98}
	EndGlobalSection
	GlobalSection(ExtensibilityGlobals) = postSolution
		SolutionGuid = {270EBD22-4DF7-4C88-BAF0-2CD385247737}
	EndGlobalSection
EndGlobal
